hash: 5a540001c2d48997c351b9088294f57254796167675038cbb2af684159148793
updated: 2017-08-07T00:41:25.1251182-04:00
imports:
- name: github.com/flynn/go-shlex
  version: 3f9db97f856818214da2e1057f8ad84803971cff
  repo: https://github.com/flynn/go-shlex
- name: github.com/mailhog/data
  version: 024d554958b5bea5db220bfd84922a584d878ded
- name: github.com/mailhog/smtp
  version: 0c4e9b7e0625fec61d0c30d7b2f6c62852be6c54
- name: github.com/mholt/caddy
  version: e7f08bff38988c3049b7fda301c52a681af63cd8
  subpackages:
  - caddyfile
- name: github.com/sloonz/go-maildir
  version: 973e1bbb12d1d432d838eb0c7422a6e93c404e12
testImports:
- name: github.com/davecgh/go-spew
  version: 04cdfd42973bb9c8589fd6a731800cf222fde1a9
  subpackages:
  - spew
- name: github.com/pmezard/go-difflib
  version: d8ed2627bdf02c080bf22230dbb337003b7aba2d
  subpackages:
  - difflib
- name: github.com/stretchr/testify
  version: 4d4bfba8f1d1027c4fdbe371823030df51419987
  subpackages:
  - assert
